
Microsoft Visual Studio Solution File, Format Version 12.00
# Visual Studio Version 17
VisualStudioVersion = 17.11.35327.3
MinimumVisualStudioVersion = 10.0.40219.1
Project("{FAE04EC0-301F-11D3-BF4B-00C04F79EFBC}") = "TwitterClone.Api", "TwitterClone\TwitterClone.Api.csproj", "{3CE6AD8C-B3E2-4AFE-B5EB-4D55B4020DD9}"
EndProject
Project("{FAE04EC0-301F-11D3-BF4B-00C04F79EFBC}") = "TwitterClone.Core", "TwitterClone.Core\TwitterClone.Core.csproj", "{34046F97-A9A5-473E-B469-07BEF2980417}"
EndProject
Project("{FAE04EC0-301F-11D3-BF4B-00C04F79EFBC}") = "TwitterClone.Data", "TwitterClone.Data\TwitterClone.Data.csproj", "{11643DEA-C191-46A5-9D52-106B8E02E42D}"
EndProject
Project("{FAE04EC0-301F-11D3-BF4B-00C04F79EFBC}") = "TwitterClone.Infrastructure", "TwitterClone.Infrastructure\TwitterClone.Infrastructure.csproj", "{AB330D6F-7D35-4EBF-86F0-976B0E67D691}"
EndProject
Project("{FAE04EC0-301F-11D3-BF4B-00C04F79EFBC}") = "TwitterClone.Service", "TwitterClone.Service\TwitterClone.Service.csproj", "{F6D5C5C0-E311-42DA-B98E-F970D8E2BD4D}"
EndProject
Global
	GlobalSection(SolutionConfigurationPlatforms) = preSolution
		Debug|Any CPU = Debug|Any CPU
		Release|Any CPU = Release|Any CPU
	EndGlobalSection
	GlobalSection(ProjectConfigurationPlatforms) = postSolution
		{3CE6AD8C-B3E2-4AFE-B5EB-4D55B4020DD9}.Debug|Any CPU.ActiveCfg = Debug|Any CPU
		{3CE6AD8C-B3E2-4AFE-B5EB-4D55B4020DD9}.Debug|Any CPU.Build.0 = Debug|Any CPU
		{3CE6AD8C-B3E2-4AFE-B5EB-4D55B4020DD9}.Release|Any CPU.ActiveCfg = Release|Any CPU
		{3CE6AD8C-B3E2-4AFE-B5EB-4D55B4020DD9}.Release|Any CPU.Build.0 = Release|Any CPU
		{34046F97-A9A5-473E-B469-07BEF2980417}.Debug|Any CPU.ActiveCfg = Debug|Any CPU
		{34046F97-A9A5-473E-B469-07BEF2980417}.Debug|Any CPU.Build.0 = Debug|Any CPU
		{34046F97-A9A5-473E-B469-07BEF2980417}.Release|Any CPU.ActiveCfg = Release|Any CPU
		{34046F97-A9A5-473E-B469-07BEF2980417}.Release|Any CPU.Build.0 = Release|Any CPU
		{11643DEA-C191-46A5-9D52-106B8E02E42D}.Debug|Any CPU.ActiveCfg = Debug|Any CPU
		{11643DEA-C191-46A5-9D52-106B8E02E42D}.Debug|Any CPU.Build.0 = Debug|Any CPU
		{11643DEA-C191-46A5-9D52-106B8E02E42D}.Release|Any CPU.ActiveCfg = Release|Any CPU
		{11643DEA-C191-46A5-9D52-106B8E02E42D}.Release|Any CPU.Build.0 = Release|Any CPU
		{AB330D6F-7D35-4EBF-86F0-976B0E67D691}.Debug|Any CPU.ActiveCfg = Debug|Any CPU
		{AB330D6F-7D35-4EBF-86F0-976B0E67D691}.Debug|Any CPU.Build.0 = Debug|Any CPU
		{AB330D6F-7D35-4EBF-86F0-976B0E67D691}.Release|Any CPU.ActiveCfg = Release|Any CPU
		{AB330D6F-7D35-4EBF-86F0-976B0E67D691}.Release|Any CPU.Build.0 = Release|Any CPU
		{F6D5C5C0-E311-42DA-B98E-F970D8E2BD4D}.Debug|Any CPU.ActiveCfg = Debug|Any CPU
		{F6D5C5C0-E311-42DA-B98E-F970D8E2BD4D}.Debug|Any CPU.Build.0 = Debug|Any CPU
		{F6D5C5C0-E311-42DA-B98E-F970D8E2BD4D}.Release|Any CPU.ActiveCfg = Release|Any CPU
		{F6D5C5C0-E311-42DA-B98E-F970D8E2BD4D}.Release|Any CPU.Build.0 = Release|Any CPU
	EndGlobalSection
	GlobalSection(SolutionProperties) = preSolution
		HideSolutionNode = FALSE
	EndGlobalSection
	GlobalSection(ExtensibilityGlobals) = postSolution
		SolutionGuid = {D5AB86F9-AF4E-41F8-89EB-2985E8B6C72D}
	EndGlobalSection
EndGlobal
